
Microsoft Visual Studio Solution File, Format Version 12.00
# Visual Studio Version 17
VisualStudioVersion = 17.2.32630.192
MinimumVisualStudioVersion = 10.0.40219.1
Project("{FAE04EC0-301F-11D3-BF4B-00C04F79EFBC}") = "rentapp.backend", "rentapp.backend\rentapp.backend.csproj", "{591469A4-8DA0-4833-837E-F23F8FF8D91C}"
EndProject
Global
	GlobalSection(SolutionConfigurationPlatforms) = preSolution
		Debug|Any CPU = Debug|Any CPU
		Release|Any CPU = Release|Any CPU
	EndGlobalSection
	GlobalSection(ProjectConfigurationPlatforms) = postSolution
		{591469A4-8DA0-4833-837E-F23F8FF8D91C}.Debug|Any CPU.ActiveCfg = Debug|Any CPU
		{591469A4-8DA0-4833-837E-F23F8FF8D91C}.Debug|Any CPU.Build.0 = Debug|Any CPU
		{591469A4-8DA0-4833-837E-F23F8FF8D91C}.Release|Any CPU.ActiveCfg = Release|Any CPU
		{591469A4-8DA0-4833-837E-F23F8FF8D91C}.Release|Any CPU.Build.0 = Release|Any CPU
	EndGlobalSection
	GlobalSection(SolutionProperties) = preSolution
		HideSolutionNode = FALSE
	EndGlobalSection
	GlobalSection(ExtensibilityGlobals) = postSolution
		SolutionGuid = {287F2DAA-D74F-4F9D-8AC0-26A73A10C167}
	EndGlobalSection
EndGlobal
